
Microsoft Visual Studio Solution File, Format Version 12.00
# Visual Studio Version 17
VisualStudioVersion = 17.8.34525.116
MinimumVisualStudioVersion = 10.0.40219.1
Project("{9A19103F-16F7-4668-BE54-9A1E7A4F7556}") = "SignalPlus", "SignalPlus\SignalPlus.csproj", "{2024113D-5156-46F0-86D5-128EC3B12E5F}"
EndProject
Global
	GlobalSection(SolutionConfigurationPlatforms) = preSolution
		Debug|Any CPU = Debug|Any CPU
		Release|Any CPU = Release|Any CPU
	EndGlobalSection
	GlobalSection(ProjectConfigurationPlatforms) = postSolution
		{2024113D-5156-46F0-86D5-128EC3B12E5F}.Debug|Any CPU.ActiveCfg = Debug|Any CPU
		{2024113D-5156-46F0-86D5-128EC3B12E5F}.Debug|Any CPU.Build.0 = Debug|Any CPU
		{2024113D-5156-46F0-86D5-128EC3B12E5F}.Release|Any CPU.ActiveCfg = Release|Any CPU
		{2024113D-5156-46F0-86D5-128EC3B12E5F}.Release|Any CPU.Build.0 = Release|Any CPU
	EndGlobalSection
	GlobalSection(SolutionProperties) = preSolution
		HideSolutionNode = FALSE
	EndGlobalSection
	GlobalSection(ExtensibilityGlobals) = postSolution
		SolutionGuid = {AD51814C-AE81-48AC-80F5-A7FADB9F6598}
	EndGlobalSection
EndGlobal
